
Microsoft Visual Studio Solution File, Format Version 12.00
# Visual Studio 15
VisualStudioVersion = 15.0.26124.0
MinimumVisualStudioVersion = 15.0.26124.0
Project("{2150E333-8FDC-42A3-9474-1A3956D46DE8}") = "src", "src", "{440F0183-514F-4E6A-ABAA-5BB5C08FACA1}"
EndProject
Project("{FAE04EC0-301F-11D3-BF4B-00C04F79EFBC}") = "Ubaba.ClientSdkPacking", "src\Ubaba.ClientSdkPacking\Ubaba.ClientSdkPacking.csproj", "{ED11A8DE-DEA8-49BB-B591-9710416755F0}"
EndProject
Project("{FAE04EC0-301F-11D3-BF4B-00C04F79EFBC}") = "Ubaba.Abstractions", "src\Ubaba.Abstractions\Ubaba.Abstractions.csproj", "{FD2439CB-03F4-45D5-A519-97E9F06F3E83}"
EndProject
Global
	GlobalSection(SolutionProperties) = preSolution
		HideSolutionNode = FALSE
	EndGlobalSection
	GlobalSection(SolutionConfigurationPlatforms) = preSolution
		Debug|Any CPU = Debug|Any CPU
		Debug|x64 = Debug|x64
		Debug|x86 = Debug|x86
		Release|Any CPU = Release|Any CPU
		Release|x64 = Release|x64
		Release|x86 = Release|x86
	EndGlobalSection
	GlobalSection(ProjectConfigurationPlatforms) = postSolution
		{ED11A8DE-DEA8-49BB-B591-9710416755F0}.Debug|Any CPU.ActiveCfg = Debug|Any CPU
		{ED11A8DE-DEA8-49BB-B591-9710416755F0}.Debug|Any CPU.Build.0 = Debug|Any CPU
		{ED11A8DE-DEA8-49BB-B591-9710416755F0}.Debug|x64.ActiveCfg = Debug|Any CPU
		{ED11A8DE-DEA8-49BB-B591-9710416755F0}.Debug|x64.Build.0 = Debug|Any CPU
		{ED11A8DE-DEA8-49BB-B591-9710416755F0}.Debug|x86.ActiveCfg = Debug|Any CPU
		{ED11A8DE-DEA8-49BB-B591-9710416755F0}.Debug|x86.Build.0 = Debug|Any CPU
		{ED11A8DE-DEA8-49BB-B591-9710416755F0}.Release|Any CPU.ActiveCfg = Release|Any CPU
		{ED11A8DE-DEA8-49BB-B591-9710416755F0}.Release|Any CPU.Build.0 = Release|Any CPU
		{ED11A8DE-DEA8-49BB-B591-9710416755F0}.Release|x64.ActiveCfg = Release|Any CPU
		{ED11A8DE-DEA8-49BB-B591-9710416755F0}.Release|x64.Build.0 = Release|Any CPU
		{ED11A8DE-DEA8-49BB-B591-9710416755F0}.Release|x86.ActiveCfg = Release|Any CPU
		{ED11A8DE-DEA8-49BB-B591-9710416755F0}.Release|x86.Build.0 = Release|Any CPU
		{8E9E5790-4357-4FFA-BED8-63EC47D4C517}.Debug|Any CPU.ActiveCfg = Debug|Any CPU
		{8E9E5790-4357-4FFA-BED8-63EC47D4C517}.Debug|Any CPU.Build.0 = Debug|Any CPU
		{8E9E5790-4357-4FFA-BED8-63EC47D4C517}.Debug|x64.ActiveCfg = Debug|Any CPU
		{8E9E5790-4357-4FFA-BED8-63EC47D4C517}.Debug|x64.Build.0 = Debug|Any CPU
		{8E9E5790-4357-4FFA-BED8-63EC47D4C517}.Debug|x86.ActiveCfg = Debug|Any CPU
		{8E9E5790-4357-4FFA-BED8-63EC47D4C517}.Debug|x86.Build.0 = Debug|Any CPU
		{8E9E5790-4357-4FFA-BED8-63EC47D4C517}.Release|Any CPU.ActiveCfg = Release|Any CPU
		{8E9E5790-4357-4FFA-BED8-63EC47D4C517}.Release|Any CPU.Build.0 = Release|Any CPU
		{8E9E5790-4357-4FFA-BED8-63EC47D4C517}.Release|x64.ActiveCfg = Release|Any CPU
		{8E9E5790-4357-4FFA-BED8-63EC47D4C517}.Release|x64.Build.0 = Release|Any CPU
		{8E9E5790-4357-4FFA-BED8-63EC47D4C517}.Release|x86.ActiveCfg = Release|Any CPU
		{8E9E5790-4357-4FFA-BED8-63EC47D4C517}.Release|x86.Build.0 = Release|Any CPU
		{FD2439CB-03F4-45D5-A519-97E9F06F3E83}.Debug|Any CPU.ActiveCfg = Debug|Any CPU
		{FD2439CB-03F4-45D5-A519-97E9F06F3E83}.Debug|Any CPU.Build.0 = Debug|Any CPU
		{FD2439CB-03F4-45D5-A519-97E9F06F3E83}.Debug|x64.ActiveCfg = Debug|Any CPU
		{FD2439CB-03F4-45D5-A519-97E9F06F3E83}.Debug|x64.Build.0 = Debug|Any CPU
		{FD2439CB-03F4-45D5-A519-97E9F06F3E83}.Debug|x86.ActiveCfg = Debug|Any CPU
		{FD2439CB-03F4-45D5-A519-97E9F06F3E83}.Debug|x86.Build.0 = Debug|Any CPU
		{FD2439CB-03F4-45D5-A519-97E9F06F3E83}.Release|Any CPU.ActiveCfg = Release|Any CPU
		{FD2439CB-03F4-45D5-A519-97E9F06F3E83}.Release|Any CPU.Build.0 = Release|Any CPU
		{FD2439CB-03F4-45D5-A519-97E9F06F3E83}.Release|x64.ActiveCfg = Release|Any CPU
		{FD2439CB-03F4-45D5-A519-97E9F06F3E83}.Release|x64.Build.0 = Release|Any CPU
		{FD2439CB-03F4-45D5-A519-97E9F06F3E83}.Release|x86.ActiveCfg = Release|Any CPU
		{FD2439CB-03F4-45D5-A519-97E9F06F3E83}.Release|x86.Build.0 = Release|Any CPU
		{93FC035B-2A34-48C2-8036-118A128680C4}.Debug|Any CPU.ActiveCfg = Debug|Any CPU
		{93FC035B-2A34-48C2-8036-118A128680C4}.Debug|Any CPU.Build.0 = Debug|Any CPU
		{93FC035B-2A34-48C2-8036-118A128680C4}.Debug|x64.ActiveCfg = Debug|Any CPU
		{93FC035B-2A34-48C2-8036-118A128680C4}.Debug|x64.Build.0 = Debug|Any CPU
		{93FC035B-2A34-48C2-8036-118A128680C4}.Debug|x86.ActiveCfg = Debug|Any CPU
		{93FC035B-2A34-48C2-8036-118A128680C4}.Debug|x86.Build.0 = Debug|Any CPU
		{93FC035B-2A34-48C2-8036-118A128680C4}.Release|Any CPU.ActiveCfg = Release|Any CPU
		{93FC035B-2A34-48C2-8036-118A128680C4}.Release|Any CPU.Build.0 = Release|Any CPU
		{93FC035B-2A34-48C2-8036-118A128680C4}.Release|x64.ActiveCfg = Release|Any CPU
		{93FC035B-2A34-48C2-8036-118A128680C4}.Release|x64.Build.0 = Release|Any CPU
		{93FC035B-2A34-48C2-8036-118A128680C4}.Release|x86.ActiveCfg = Release|Any CPU
		{93FC035B-2A34-48C2-8036-118A128680C4}.Release|x86.Build.0 = Release|Any CPU
	EndGlobalSection
	GlobalSection(NestedProjects) = preSolution
		{ED11A8DE-DEA8-49BB-B591-9710416755F0} = {440F0183-514F-4E6A-ABAA-5BB5C08FACA1}
		{8E9E5790-4357-4FFA-BED8-63EC47D4C517} = {440F0183-514F-4E6A-ABAA-5BB5C08FACA1}
		{FD2439CB-03F4-45D5-A519-97E9F06F3E83} = {440F0183-514F-4E6A-ABAA-5BB5C08FACA1}
	EndGlobalSection
EndGlobal
